
Microsoft Visual Studio Solution File, Format Version 12.00
# Visual Studio Version 17
VisualStudioVersion = 17.12.35707.178
MinimumVisualStudioVersion = 10.0.40219.1
Project("{FAE04EC0-301F-11D3-BF4B-00C04F79EFBC}") = "Sample", "Sample\Sample.csproj", "{6F69E993-A3B7-416B-960F-669735856419}"
EndProject
Project("{FAE04EC0-301F-11D3-BF4B-00C04F79EFBC}") = "BetterRedisIdentity", "RedisIdentity\BetterRedisIdentity.csproj", "{811A1F12-A5CF-4625-A4A7-5C91874A3DA3}"
EndProject
Global
	GlobalSection(SolutionConfigurationPlatforms) = preSolution
		Debug|Any CPU = Debug|Any CPU
		Release|Any CPU = Release|Any CPU
	EndGlobalSection
	GlobalSection(ProjectConfigurationPlatforms) = postSolution
		{6F69E993-A3B7-416B-960F-669735856419}.Debug|Any CPU.ActiveCfg = Debug|Any CPU
		{6F69E993-A3B7-416B-960F-669735856419}.Debug|Any CPU.Build.0 = Debug|Any CPU
		{6F69E993-A3B7-416B-960F-669735856419}.Release|Any CPU.ActiveCfg = Release|Any CPU
		{6F69E993-A3B7-416B-960F-669735856419}.Release|Any CPU.Build.0 = Release|Any CPU
		{811A1F12-A5CF-4625-A4A7-5C91874A3DA3}.Debug|Any CPU.ActiveCfg = Debug|Any CPU
		{811A1F12-A5CF-4625-A4A7-5C91874A3DA3}.Debug|Any CPU.Build.0 = Debug|Any CPU
		{811A1F12-A5CF-4625-A4A7-5C91874A3DA3}.Release|Any CPU.ActiveCfg = Release|Any CPU
		{811A1F12-A5CF-4625-A4A7-5C91874A3DA3}.Release|Any CPU.Build.0 = Release|Any CPU
	EndGlobalSection
	GlobalSection(SolutionProperties) = preSolution
		HideSolutionNode = FALSE
	EndGlobalSection
EndGlobal
